// !$*UTF8*$!
{
	archiveVersion = 1;
	classes = {
	};
	objectVersion = 50;
	objects = {

/* Begin PBXBuildFile section */
		FD26D69122D07CAB000B7FDC /* AppDelegate.swift in Sources */ = {isa = PBXBuildFile; fileRef = FD26D69022D07CAB000B7FDC /* AppDelegate.swift */; };
		FD26D69822D07CAB000B7FDC /* Main.storyboard in Resources */ = {isa = PBXBuildFile; fileRef = FD26D69622D07CAB000B7FDC /* Main.storyboard */; };
		FD26D69A22D07CAC000B7FDC /* Assets.xcassets in Resources */ = {isa = PBXBuildFile; fileRef = FD26D69922D07CAC000B7FDC /* Assets.xcassets */; };
		FD26D69D22D07CAC000B7FDC /* LaunchScreen.storyboard in Resources */ = {isa = PBXBuildFile; fileRef = FD26D69B22D07CAC000B7FDC /* LaunchScreen.storyboard */; };
		FD26D6A522D07D12000B7FDC /* StateVC.swift in Sources */ = {isa = PBXBuildFile; fileRef = FD26D6A422D07D12000B7FDC /* StateVC.swift */; };
		FD26D6A722D07D24000B7FDC /* EventVC.swift in Sources */ = {isa = PBXBuildFile; fileRef = FD26D6A622D07D24000B7FDC /* EventVC.swift */; };
		FD26D6AA22D08206000B7FDC /* RadarSDK.framework in Frameworks */ = {isa = PBXBuildFile; fileRef = FD26D6A922D08206000B7FDC /* RadarSDK.framework */; };
		FD26D6AC22D082C3000B7FDC /* Pilgrim.framework in Frameworks */ = {isa = PBXBuildFile; fileRef = FD26D6AB22D082C3000B7FDC /* Pilgrim.framework */; };
		FD26D6AF22D090E3000B7FDC /* FacebookCore.framework in Frameworks */ = {isa = PBXBuildFile; fileRef = FD26D6AE22D090E3000B7FDC /* FacebookCore.framework */; };
		FD26D6B122D0911C000B7FDC /* FBSDKCoreKit.framework in Frameworks */ = {isa = PBXBuildFile; fileRef = FD26D6B022D0911C000B7FDC /* FBSDKCoreKit.framework */; };
		FD41721322D796D0005377D3 /* pilgrimVC.swift in Sources */ = {isa = PBXBuildFile; fileRef = FD41721222D796D0005377D3 /* pilgrimVC.swift */; };
		FD6A1E7D22DE2E2A0023D678 /* radarVC.swift in Sources */ = {isa = PBXBuildFile; fileRef = FD6A1E7C22DE2E2A0023D678 /* radarVC.swift */; };
		FD6A1E8122DE347A0023D678 /* radarCell.swift in Sources */ = {isa = PBXBuildFile; fileRef = FD6A1E8022DE347A0023D678 /* radarCell.swift */; };
		FD6A1E8322DE3C7D0023D678 /* pilgrimCell.swift in Sources */ = {isa = PBXBuildFile; fileRef = FD6A1E8222DE3C7D0023D678 /* pilgrimCell.swift */; };
		FD863C8722DD74B800766F64 /* CoreLocation.framework in Frameworks */ = {isa = PBXBuildFile; fileRef = FD863C8622DD74B800766F64 /* CoreLocation.framework */; };
		FDB80E0922D1D4B900DF12CC /* extensions.swift in Sources */ = {isa = PBXBuildFile; fileRef = FDB80E0822D1D4B900DF12CC /* extensions.swift */; };
		FDB80E0B22D1F14200DF12CC /* SwiftyJSON.framework in Frameworks */ = {isa = PBXBuildFile; fileRef = FDB80E0A22D1F14200DF12CC /* SwiftyJSON.framework */; };
		FDB80E0D22D23BB200DF12CC /* Utils.swift in Sources */ = {isa = PBXBuildFile; fileRef = FDB80E0C22D23BB200DF12CC /* Utils.swift */; };
/* End PBXBuildFile section */

/* Begin PBXFileReference section */
		FD26D68D22D07CAB000B7FDC /* jac475.app */ = {isa = PBXFileReference; explicitFileType = wrapper.application; includeInIndex = 0; path = jac475.app; sourceTree = BUILT_PRODUCTS_DIR; };
		FD26D69022D07CAB000B7FDC /* AppDelegate.swift */ = {isa = PBXFileReference; lastKnownFileType = sourcecode.swift; path = AppDelegate.swift; sourceTree = "<group>"; };
		FD26D69722D07CAB000B7FDC /* Base */ = {isa = PBXFileReference; lastKnownFileType = file.storyboard; name = Base; path = Base.lproj/Main.storyboard; sourceTree = "<group>"; };
		FD26D69922D07CAC000B7FDC /* Assets.xcassets */ = {isa = PBXFileReference; lastKnownFileType = folder.assetcatalog; path = Assets.xcassets; sourceTree = "<group>"; };
		FD26D69C22D07CAC000B7FDC /* Base */ = {isa = PBXFileReference; lastKnownFileType = file.storyboard; name = Base; path = Base.lproj/LaunchScreen.storyboard; sourceTree = "<group>"; };
		FD26D69E22D07CAC000B7FDC /* Info.plist */ = {isa = PBXFileReference; lastKnownFileType = text.plist.xml; path = Info.plist; sourceTree = "<group>"; };
		FD26D6A422D07D12000B7FDC /* StateVC.swift */ = {isa = PBXFileReference; lastKnownFileType = sourcecode.swift; path = StateVC.swift; sourceTree = "<group>"; };
		FD26D6A622D07D24000B7FDC /* EventVC.swift */ = {isa = PBXFileReference; lastKnownFileType = sourcecode.swift; path = EventVC.swift; sourceTree = "<group>"; };
		FD26D6A922D08206000B7FDC /* RadarSDK.framework */ = {isa = PBXFileReference; lastKnownFileType = wrapper.framework; name = RadarSDK.framework; path = Carthage/Build/iOS/RadarSDK.framework; sourceTree = "<group>"; };
		FD26D6AB22D082C3000B7FDC /* Pilgrim.framework */ = {isa = PBXFileReference; lastKnownFileType = wrapper.framework; name = Pilgrim.framework; path = Carthage/Build/iOS/Pilgrim.framework; sourceTree = "<group>"; };
		FD26D6AE22D090E3000B7FDC /* FacebookCore.framework */ = {isa = PBXFileReference; lastKnownFileType = wrapper.framework; name = FacebookCore.framework; path = Carthage/Build/iOS/FacebookCore.framework; sourceTree = "<group>"; };
		FD26D6B022D0911C000B7FDC /* FBSDKCoreKit.framework */ = {isa = PBXFileReference; lastKnownFileType = wrapper.framework; name = FBSDKCoreKit.framework; path = Carthage/Build/iOS/FBSDKCoreKit.framework; sourceTree = "<group>"; };
		FD41721222D796D0005377D3 /* pilgrimVC.swift */ = {isa = PBXFileReference; lastKnownFileType = sourcecode.swift; path = pilgrimVC.swift; sourceTree = "<group>"; };
		FD6A1E7C22DE2E2A0023D678 /* radarVC.swift */ = {isa = PBXFileReference; lastKnownFileType = sourcecode.swift; path = radarVC.swift; sourceTree = "<group>"; };
		FD6A1E8022DE347A0023D678 /* radarCell.swift */ = {isa = PBXFileReference; lastKnownFileType = sourcecode.swift; path = radarCell.swift; sourceTree = "<group>"; };
		FD6A1E8222DE3C7D0023D678 /* pilgrimCell.swift */ = {isa = PBXFileReference; lastKnownFileType = sourcecode.swift; path = pilgrimCell.swift; sourceTree = "<group>"; };
		FD863C8622DD74B800766F64 /* CoreLocation.framework */ = {isa = PBXFileReference; lastKnownFileType = wrapper.framework; name = CoreLocation.framework; path = System/Library/Frameworks/CoreLocation.framework; sourceTree = SDKROOT; };
		FDB80E0822D1D4B900DF12CC /* extensions.swift */ = {isa = PBXFileReference; lastKnownFileType = sourcecode.swift; path = extensions.swift; sourceTree = "<group>"; };
		FDB80E0A22D1F14200DF12CC /* SwiftyJSON.framework */ = {isa = PBXFileReference; lastKnownFileType = wrapper.framework; name = SwiftyJSON.framework; path = Carthage/Build/iOS/SwiftyJSON.framework; sourceTree = "<group>"; };
		FDB80E0C22D23BB200DF12CC /* Utils.swift */ = {isa = PBXFileReference; lastKnownFileType = sourcecode.swift; path = Utils.swift; sourceTree = "<group>"; };
/* End PBXFileReference section */

/* Begin PBXFrameworksBuildPhase section */
		FD26D68A22D07CAB000B7FDC /* Frameworks */ = {
			isa = PBXFrameworksBuildPhase;
			buildActionMask = 2147483647;
			files = (
				FD863C8722DD74B800766F64 /* CoreLocation.framework in Frameworks */,
				FDB80E0B22D1F14200DF12CC /* SwiftyJSON.framework in Frameworks */,
				FD26D6AA22D08206000B7FDC /* RadarSDK.framework in Frameworks */,
				FD26D6AC22D082C3000B7FDC /* Pilgrim.framework in Frameworks */,
				FD26D6AF22D090E3000B7FDC /* FacebookCore.framework in Frameworks */,
				FD26D6B122D0911C000B7FDC /* FBSDKCoreKit.framework in Frameworks */,
			);
			runOnlyForDeploymentPostprocessing = 0;
		};
/* End PBXFrameworksBuildPhase section */

/* Begin PBXGroup section */
		FD26D68422D07CAB000B7FDC = {
			isa = PBXGroup;
			children = (
				FD26D68F22D07CAB000B7FDC /* jac475 */,
				FD26D68E22D07CAB000B7FDC /* Products */,
				FD26D6A822D08206000B7FDC /* Frameworks */,
			);
			sourceTree = "<group>";
		};
		FD26D68E22D07CAB000B7FDC /* Products */ = {
			isa = PBXGroup;
			children = (
				FD26D68D22D07CAB000B7FDC /* jac475.app */,
			);
			name = Products;
			sourceTree = "<group>";
		};
		FD26D68F22D07CAB000B7FDC /* jac475 */ = {
			isa = PBXGroup;
			children = (
				FDB80E0C22D23BB200DF12CC /* Utils.swift */,
				FDB80E0822D1D4B900DF12CC /* extensions.swift */,
				FD26D69022D07CAB000B7FDC /* AppDelegate.swift */,
				FD26D6A422D07D12000B7FDC /* StateVC.swift */,
				FD26D6A622D07D24000B7FDC /* EventVC.swift */,
				FD6A1E7E22DE34370023D678 /* radar */,
				FD6A1E7F22DE344E0023D678 /* pilgrim */,
				FD26D69622D07CAB000B7FDC /* Main.storyboard */,
				FD26D69922D07CAC000B7FDC /* Assets.xcassets */,
				FD26D69B22D07CAC000B7FDC /* LaunchScreen.storyboard */,
				FD26D69E22D07CAC000B7FDC /* Info.plist */,
			);
			path = jac475;
			sourceTree = "<group>";
		};
		FD26D6A822D08206000B7FDC /* Frameworks */ = {
			isa = PBXGroup;
			children = (
				FD863C8622DD74B800766F64 /* CoreLocation.framework */,
				FDB80E0A22D1F14200DF12CC /* SwiftyJSON.framework */,
				FD26D6B022D0911C000B7FDC /* FBSDKCoreKit.framework */,
				FD26D6AE22D090E3000B7FDC /* FacebookCore.framework */,
				FD26D6AB22D082C3000B7FDC /* Pilgrim.framework */,
				FD26D6A922D08206000B7FDC /* RadarSDK.framework */,
			);
			name = Frameworks;
			sourceTree = "<group>";
		};
		FD6A1E7E22DE34370023D678 /* radar */ = {
			isa = PBXGroup;
			children = (
				FD6A1E7C22DE2E2A0023D678 /* radarVC.swift */,
				FD6A1E8022DE347A0023D678 /* radarCell.swift */,
			);
			path = radar;
			sourceTree = "<group>";
		};
		FD6A1E7F22DE344E0023D678 /* pilgrim */ = {
			isa = PBXGroup;
			children = (
				FD41721222D796D0005377D3 /* pilgrimVC.swift */,
				FD6A1E8222DE3C7D0023D678 /* pilgrimCell.swift */,
			);
			path = pilgrim;
			sourceTree = "<group>";
		};
/* End PBXGroup section */

/* Begin PBXNativeTarget section */
		FD26D68C22D07CAB000B7FDC /* jac475 */ = {
			isa = PBXNativeTarget;
			buildConfigurationList = FD26D6A122D07CAC000B7FDC /* Build configuration list for PBXNativeTarget "jac475" */;
			buildPhases = (
				FD26D68922D07CAB000B7FDC /* Sources */,
				FD26D68A22D07CAB000B7FDC /* Frameworks */,
				FD26D68B22D07CAB000B7FDC /* Resources */,
				FD26D6AD22D082E4000B7FDC /* ShellScript */,
			);
			buildRules = (
			);
			dependencies = (
			);
			name = jac475;
			productName = jac475;
			productReference = FD26D68D22D07CAB000B7FDC /* jac475.app */;
			productType = "com.apple.product-type.application";
		};
/* End PBXNativeTarget section */

/* Begin PBXProject section */
		FD26D68522D07CAB000B7FDC /* Project object */ = {
			isa = PBXProject;
			attributes = {
				LastSwiftUpdateCheck = 1020;
				LastUpgradeCheck = 1020;
				TargetAttributes = {
					FD26D68C22D07CAB000B7FDC = {
						CreatedOnToolsVersion = 10.2.1;
						SystemCapabilities = {
							com.apple.BackgroundModes = {
								enabled = 1;
							};
						};
					};
				};
			};
			buildConfigurationList = FD26D68822D07CAB000B7FDC /* Build configuration list for PBXProject "jac475" */;
			compatibilityVersion = "Xcode 9.3";
			developmentRegion = en;
			hasScannedForEncodings = 0;
			knownRegions = (
				en,
				Base,
			);
			mainGroup = FD26D68422D07CAB000B7FDC;
			productRefGroup = FD26D68E22D07CAB000B7FDC /* Products */;
			projectDirPath = "";
			projectRoot = "";
			targets = (
				FD26D68C22D07CAB000B7FDC /* jac475 */,
			);
		};
/* End PBXProject section */

/* Begin PBXResourcesBuildPhase section */
		FD26D68B22D07CAB000B7FDC /* Resources */ = {
			isa = PBXResourcesBuildPhase;
			buildActionMask = 2147483647;
			files = (
				FD26D69D22D07CAC000B7FDC /* LaunchScreen.storyboard in Resources */,
				FD26D69A22D07CAC000B7FDC /* Assets.xcassets in Resources */,
				FD26D69822D07CAB000B7FDC /* Main.storyboard in Resources */,
			);
			runOnlyForDeploymentPostprocessing = 0;
		};
/* End PBXResourcesBuildPhase section */

/* Begin PBXShellScriptBuildPhase section */
		FD26D6AD22D082E4000B7FDC /* ShellScript */ = {
			isa = PBXShellScriptBuildPhase;
			buildActionMask = 2147483647;
			files = (
			);
			inputFileListPaths = (
			);
			inputPaths = (
				"$(SRCROOT)/Carthage/Build/iOS/Pilgrim.framework",
				"$(SRCROOT)/Carthage/Build/iOS/FacebookCore.framework",
				"$(SRCROOT)/Carthage/Build/iOS/FBSDKCoreKit.framework",
				"$(SRCROOT)/Carthage/Build/iOS/Bolts.framework",
				"$(SRCROOT)/Carthage/Build/iOS/SwiftyJSON.framework",
			);
			outputFileListPaths = (
			);
			outputPaths = (
			);
			runOnlyForDeploymentPostprocessing = 0;
			shellPath = /bin/sh;
			shellScript = "/usr/local/bin/carthage copy-frameworks\n";
		};
/* End PBXShellScriptBuildPhase section */

/* Begin PBXSourcesBuildPhase section */
		FD26D68922D07CAB000B7FDC /* Sources */ = {
			isa = PBXSourcesBuildPhase;
			buildActionMask = 2147483647;
			files = (
				FDB80E0D22D23BB200DF12CC /* Utils.swift in Sources */,
				FD41721322D796D0005377D3 /* pilgrimVC.swift in Sources */,
				FD26D6A722D07D24000B7FDC /* EventVC.swift in Sources */,
				FD26D6A522D07D12000B7FDC /* StateVC.swift in Sources */,
				FD6A1E8122DE347A0023D678 /* radarCell.swift in Sources */,
				FD26D69122D07CAB000B7FDC /* AppDelegate.swift in Sources */,
				FD6A1E8322DE3C7D0023D678 /* pilgrimCell.swift in Sources */,
				FD6A1E7D22DE2E2A0023D678 /* radarVC.swift in Sources */,
				FDB80E0922D1D4B900DF12CC /* extensions.swift in Sources */,
			);
			runOnlyForDeploymentPostprocessing = 0;
		};
/* End PBXSourcesBuildPhase section */

/* Begin PBXVariantGroup section */
		FD26D69622D07CAB000B7FDC /* Main.storyboard */ = {
			isa = PBXVariantGroup;
			children = (
				FD26D69722D07CAB000B7FDC /* Base */,
			);
			name = Main.storyboard;
			sourceTree = "<group>";
		};
		FD26D69B22D07CAC000B7FDC /* LaunchScreen.storyboard */ = {
			isa = PBXVariantGroup;
			children = (
				FD26D69C22D07CAC000B7FDC /* Base */,
			);
			name = LaunchScreen.storyboard;
			sourceTree = "<group>";
		};
/* End PBXVariantGroup section */

/* Begin XCBuildConfiguration section */
		FD26D69F22D07CAC000B7FDC /* Debug */ = {
			isa = XCBuildConfiguration;
			buildSettings = {
				ALWAYS_SEARCH_USER_PATHS = NO;
				CLANG_ANALYZER_NONNULL = YES;
				CLANG_ANALYZER_NUMBER_OBJECT_CONVERSION = YES_AGGRESSIVE;
				CLANG_CXX_LANGUAGE_STANDARD = "gnu++14";
				CLANG_CXX_LIBRARY = "libc++";
				CLANG_ENABLE_MODULES = YES;
				CLANG_ENABLE_OBJC_ARC = YES;
				CLANG_ENABLE_OBJC_WEAK = YES;
				CLANG_WARN_BLOCK_CAPTURE_AUTORELEASING = YES;
				CLANG_WARN_BOOL_CONVERSION = YES;
				CLANG_WARN_COMMA = YES;
				CLANG_WARN_CONSTANT_CONVERSION = YES;
				CLANG_WARN_DEPRECATED_OBJC_IMPLEMENTATIONS = YES;
				CLANG_WARN_DIRECT_OBJC_ISA_USAGE = YES_ERROR;
				CLANG_WARN_DOCUMENTATION_COMMENTS = YES;
				CLANG_WARN_EMPTY_BODY = YES;
				CLANG_WARN_ENUM_CONVERSION = YES;
				CLANG_WARN_INFINITE_RECURSION = YES;
				CLANG_WARN_INT_CONVERSION = YES;
				CLANG_WARN_NON_LITERAL_NULL_CONVERSION = YES;
				CLANG_WARN_OBJC_IMPLICIT_RETAIN_SELF = YES;
				CLANG_WARN_OBJC_LITERAL_CONVERSION = YES;
				CLANG_WARN_OBJC_ROOT_CLASS = YES_ERROR;
				CLANG_WARN_RANGE_LOOP_ANALYSIS = YES;
				CLANG_WARN_STRICT_PROTOTYPES = YES;
				CLANG_WARN_SUSPICIOUS_MOVE = YES;
				CLANG_WARN_UNGUARDED_AVAILABILITY = YES_AGGRESSIVE;
				CLANG_WARN_UNREACHABLE_CODE = YES;
				CLANG_WARN__DUPLICATE_METHOD_MATCH = YES;
				CODE_SIGN_IDENTITY = "iPhone Developer";
				COPY_PHASE_STRIP = NO;
				DEBUG_INFORMATION_FORMAT = dwarf;
				ENABLE_STRICT_OBJC_MSGSEND = YES;
				ENABLE_TESTABILITY = YES;
				GCC_C_LANGUAGE_STANDARD = gnu11;
				GCC_DYNAMIC_NO_PIC = NO;
				GCC_NO_COMMON_BLOCKS = YES;
				GCC_OPTIMIZATION_LEVEL = 0;
				GCC_PREPROCESSOR_DEFINITIONS = (
					"DEBUG=1",
					"$(inherited)",
				);
				GCC_WARN_64_TO_32_BIT_CONVERSION = YES;
				GCC_WARN_ABOUT_RETURN_TYPE = YES_ERROR;
				GCC_WARN_UNDECLARED_SELECTOR = YES;
				GCC_WARN_UNINITIALIZED_AUTOS = YES_AGGRESSIVE;
				GCC_WARN_UNUSED_FUNCTION = YES;
				GCC_WARN_UNUSED_VARIABLE = YES;
				IPHONEOS_DEPLOYMENT_TARGET = 12.2;
				MTL_ENABLE_DEBUG_INFO = INCLUDE_SOURCE;
				MTL_FAST_MATH = YES;
				ONLY_ACTIVE_ARCH = YES;
				SDKROOT = iphoneos;
				SWIFT_ACTIVE_COMPILATION_CONDITIONS = DEBUG;
				SWIFT_OPTIMIZATION_LEVEL = "-Onone";
			};
			name = Debug;
		};
		FD26D6A022D07CAC000B7FDC /* Release */ = {
			isa = XCBuildConfiguration;
			buildSettings = {
				ALWAYS_SEARCH_USER_PATHS = NO;
				CLANG_ANALYZER_NONNULL = YES;
				CLANG_ANALYZER_NUMBER_OBJECT_CONVERSION = YES_AGGRESSIVE;
				CLANG_CXX_LANGUAGE_STANDARD = "gnu++14";
				CLANG_CXX_LIBRARY = "libc++";
				CLANG_ENABLE_MODULES = YES;
				CLANG_ENABLE_OBJC_ARC = YES;
				CLANG_ENABLE_OBJC_WEAK = YES;
				CLANG_WARN_BLOCK_CAPTURE_AUTORELEASING = YES;
				CLANG_WARN_BOOL_CONVERSION = YES;
				CLANG_WARN_COMMA = YES;
				CLANG_WARN_CONSTANT_CONVERSION = YES;
				CLANG_WARN_DEPRECATED_OBJC_IMPLEMENTATIONS = YES;
				CLANG_WARN_DIRECT_OBJC_ISA_USAGE = YES_ERROR;
				CLANG_WARN_DOCUMENTATION_COMMENTS = YES;
				CLANG_WARN_EMPTY_BODY = YES;
				CLANG_WARN_ENUM_CONVERSION = YES;
				CLANG_WARN_INFINITE_RECURSION = YES;
				CLANG_WARN_INT_CONVERSION = YES;
				CLANG_WARN_NON_LITERAL_NULL_CONVERSION = YES;
				CLANG_WARN_OBJC_IMPLICIT_RETAIN_SELF = YES;
				CLANG_WARN_OBJC_LITERAL_CONVERSION = YES;
				CLANG_WARN_OBJC_ROOT_CLASS = YES_ERROR;
				CLANG_WARN_RANGE_LOOP_ANALYSIS = YES;
				CLANG_WARN_STRICT_PROTOTYPES = YES;
				CLANG_WARN_SUSPICIOUS_MOVE = YES;
				CLANG_WARN_UNGUARDED_AVAILABILITY = YES_AGGRESSIVE;
				CLANG_WARN_UNREACHABLE_CODE = YES;
				CLANG_WARN__DUPLICATE_METHOD_MATCH = YES;
				CODE_SIGN_IDENTITY = "iPhone Developer";
				COPY_PHASE_STRIP = NO;
				DEBUG_INFORMATION_FORMAT = "dwarf-with-dsym";
				ENABLE_NS_ASSERTIONS = NO;
				ENABLE_STRICT_OBJC_MSGSEND = YES;
				GCC_C_LANGUAGE_STANDARD = gnu11;
				GCC_NO_COMMON_BLOCKS = YES;
				GCC_WARN_64_TO_32_BIT_CONVERSION = YES;
				GCC_WARN_ABOUT_RETURN_TYPE = YES_ERROR;
				GCC_WARN_UNDECLARED_SELECTOR = YES;
				GCC_WARN_UNINITIALIZED_AUTOS = YES_AGGRESSIVE;
				GCC_WARN_UNUSED_FUNCTION = YES;
				GCC_WARN_UNUSED_VARIABLE = YES;
				IPHONEOS_DEPLOYMENT_TARGET = 12.2;
				MTL_ENABLE_DEBUG_INFO = NO;
				MTL_FAST_MATH = YES;
				SDKROOT = iphoneos;
				SWIFT_COMPILATION_MODE = wholemodule;
				SWIFT_OPTIMIZATION_LEVEL = "-O";
				VALIDATE_PRODUCT = YES;
			};
			name = Release;
		};
		FD26D6A222D07CAC000B7FDC /* Debug */ = {
			isa = XCBuildConfiguration;
			buildSettings = {
				ASSETCATALOG_COMPILER_APPICON_NAME = AppIcon;
				CODE_SIGN_STYLE = Automatic;
				DEVELOPMENT_TEAM = F53CHN8CNZ;
				FRAMEWORK_SEARCH_PATHS = (
					"$(inherited)",
					"$(PROJECT_DIR)/Carthage/Build/iOS",
				);
				INFOPLIST_FILE = jac475/Info.plist;
				LD_RUNPATH_SEARCH_PATHS = (
					"$(inherited)",
					"@executable_path/Frameworks",
				);
				PRODUCT_BUNDLE_IDENTIFIER = com.opaapp.test.Loc;
				PRODUCT_NAME = "$(TARGET_NAME)";
				SWIFT_VERSION = 5.0;
				TARGETED_DEVICE_FAMILY = "1,2";
			};
			name = Debug;
		};
		FD26D6A322D07CAC000B7FDC /* Release */ = {
			isa = XCBuildConfiguration;
			buildSettings = {
				ASSETCATALOG_COMPILER_APPICON_NAME = AppIcon;
				CODE_SIGN_STYLE = Automatic;
				DEVELOPMENT_TEAM = F53CHN8CNZ;
				FRAMEWORK_SEARCH_PATHS = (
					"$(inherited)",
					"$(PROJECT_DIR)/Carthage/Build/iOS",
				);
				INFOPLIST_FILE = jac475/Info.plist;
				LD_RUNPATH_SEARCH_PATHS = (
					"$(inherited)",
					"@executable_path/Frameworks",
				);
				PRODUCT_BUNDLE_IDENTIFIER = com.opaapp.test.Loc;
				PRODUCT_NAME = "$(TARGET_NAME)";
				SWIFT_VERSION = 5.0;
				TARGETED_DEVICE_FAMILY = "1,2";
			};
			name = Release;
		};
/* End XCBuildConfiguration section */

/* Begin XCConfigurationList section */
		FD26D68822D07CAB000B7FDC /* Build configuration list for PBXProject "jac475" */ = {
			isa = XCConfigurationList;
			buildConfigurations = (
				FD26D69F22D07CAC000B7FDC /* Debug */,
				FD26D6A022D07CAC000B7FDC /* Release */,
			);
			defaultConfigurationIsVisible = 0;
			defaultConfigurationName = Release;
		};
		FD26D6A122D07CAC000B7FDC /* Build configuration list for PBXNativeTarget "jac475" */ = {
			isa = XCConfigurationList;
			buildConfigurations = (
				FD26D6A222D07CAC000B7FDC /* Debug */,
				FD26D6A322D07CAC000B7FDC /* Release */,
			);
			defaultConfigurationIsVisible = 0;
			defaultConfigurationName = Release;
		};
/* End XCConfigurationList section */
	};
	rootObject = FD26D68522D07CAB000B7FDC /* Project object */;
}
